
Microsoft Visual Studio Solution File, Format Version 12.00
# Visual Studio Version 16
VisualStudioVersion = 16.0.29905.134
MinimumVisualStudioVersion = 10.0.40219.1
Project("{FAE04EC0-301F-11D3-BF4B-00C04F79EFBC}") = "BlazorApp1", "BlazorApp1\BlazorApp1.csproj", "{9AADFC06-37F2-4120-A9C9-69994983D841}"
EndProject
Global
	GlobalSection(SolutionConfigurationPlatforms) = preSolution
		Debug|Any CPU = Debug|Any CPU
		Release|Any CPU = Release|Any CPU
	EndGlobalSection
	GlobalSection(ProjectConfigurationPlatforms) = postSolution
		{9AADFC06-37F2-4120-A9C9-69994983D841}.Debug|Any CPU.ActiveCfg = Debug|Any CPU
		{9AADFC06-37F2-4120-A9C9-69994983D841}.Debug|Any CPU.Build.0 = Debug|Any CPU
		{9AADFC06-37F2-4120-A9C9-69994983D841}.Release|Any CPU.ActiveCfg = Release|Any CPU
		{9AADFC06-37F2-4120-A9C9-69994983D841}.Release|Any CPU.Build.0 = Release|Any CPU
	EndGlobalSection
	GlobalSection(SolutionProperties) = preSolution
		HideSolutionNode = FALSE
	EndGlobalSection
	GlobalSection(ExtensibilityGlobals) = postSolution
		SolutionGuid = {577B621D-8112-4507-8E3D-4A33EDB832D0}
	EndGlobalSection
EndGlobal
